// !$*UTF8*$!
{
	archiveVersion = 1;
	classes = {
	};
	objectVersion = 56;
	objects = {

/* Begin PBXBuildFile section */
		2FA6DA142AE8F86700DAE087 /* BDSFoodAppApp.swift in Sources */ = {isa = PBXBuildFile; fileRef = 2FA6DA132AE8F86700DAE087 /* BDSFoodAppApp.swift */; };
		2FA6DA182AE8F87100DAE087 /* Assets.xcassets in Resources */ = {isa = PBXBuildFile; fileRef = 2FA6DA172AE8F87100DAE087 /* Assets.xcassets */; };
		2FA6DA1B2AE8F87100DAE087 /* Preview Assets.xcassets in Resources */ = {isa = PBXBuildFile; fileRef = 2FA6DA1A2AE8F87100DAE087 /* Preview Assets.xcassets */; };
		2FA6DA222AE8FAF800DAE087 /* HeaderView.swift in Sources */ = {isa = PBXBuildFile; fileRef = 2FA6DA212AE8FAF800DAE087 /* HeaderView.swift */; };
		2FA6DA242AE8FB1600DAE087 /* SideBarView.swift in Sources */ = {isa = PBXBuildFile; fileRef = 2FA6DA232AE8FB1600DAE087 /* SideBarView.swift */; };
		2FD039C72AE8FBE500054E03 /* WesternStallMainDishView.swift in Sources */ = {isa = PBXBuildFile; fileRef = 2FD039C62AE8FBE500054E03 /* WesternStallMainDishView.swift */; };
		2FD039C92AE8FC8400054E03 /* WesternStallAddOnsView.swift in Sources */ = {isa = PBXBuildFile; fileRef = 2FD039C82AE8FC8400054E03 /* WesternStallAddOnsView.swift */; };
		2FD039CB2AE8FCEB00054E03 /* CartPageView.swift in Sources */ = {isa = PBXBuildFile; fileRef = 2FD039CA2AE8FCEB00054E03 /* CartPageView.swift */; };
		2FD039CE2AE8FDC900054E03 /* OrderQueueView.swift in Sources */ = {isa = PBXBuildFile; fileRef = 2FD039CD2AE8FDC900054E03 /* OrderQueueView.swift */; };
		2FD039D02AE8FE6D00054E03 /* OrderConfirmationView.swift in Sources */ = {isa = PBXBuildFile; fileRef = 2FD039CF2AE8FE6D00054E03 /* OrderConfirmationView.swift */; };
		2FD039D22AE8FECB00054E03 /* AccountPageView.swift in Sources */ = {isa = PBXBuildFile; fileRef = 2FD039D12AE8FECB00054E03 /* AccountPageView.swift */; };
		2FD039D92AE9007300054E03 /* MainPage.swift in Sources */ = {isa = PBXBuildFile; fileRef = 2FD039D82AE9007300054E03 /* MainPage.swift */; };
		2FD039DC2AE9037700054E03 /* Feedback.swift in Sources */ = {isa = PBXBuildFile; fileRef = 2FD039DB2AE9037700054E03 /* Feedback.swift */; };
		F822B3F72AFA3A4100A84833 /* WS_MDModifiers.swift in Sources */ = {isa = PBXBuildFile; fileRef = F822B3F62AFA3A4100A84833 /* WS_MDModifiers.swift */; };
		F87959452AFB3402007B8982 /* HPModifiers.swift in Sources */ = {isa = PBXBuildFile; fileRef = F87959442AFB3402007B8982 /* HPModifiers.swift */; };
		F8822DCC2AF7AE49003849D4 /* HomePageView.swift in Sources */ = {isa = PBXBuildFile; fileRef = F8822DCB2AF7AE49003849D4 /* HomePageView.swift */; };
		F8911F652AFBAA1A004175C2 /* OrderQueueModifiers.swift in Sources */ = {isa = PBXBuildFile; fileRef = F8911F642AFBAA1A004175C2 /* OrderQueueModifiers.swift */; };
		F8911F672AFBAB4E004175C2 /* Item2View.swift in Sources */ = {isa = PBXBuildFile; fileRef = F8911F662AFBAB4E004175C2 /* Item2View.swift */; };
/* End PBXBuildFile section */

/* Begin PBXFileReference section */
		2FA6DA102AE8F86700DAE087 /* BDSFoodApp.app */ = {isa = PBXFileReference; explicitFileType = wrapper.application; includeInIndex = 0; path = BDSFoodApp.app; sourceTree = BUILT_PRODUCTS_DIR; };
		2FA6DA132AE8F86700DAE087 /* BDSFoodAppApp.swift */ = {isa = PBXFileReference; lastKnownFileType = sourcecode.swift; path = BDSFoodAppApp.swift; sourceTree = "<group>"; };
		2FA6DA172AE8F87100DAE087 /* Assets.xcassets */ = {isa = PBXFileReference; lastKnownFileType = folder.assetcatalog; path = Assets.xcassets; sourceTree = "<group>"; };
		2FA6DA1A2AE8F87100DAE087 /* Preview Assets.xcassets */ = {isa = PBXFileReference; lastKnownFileType = folder.assetcatalog; path = "Preview Assets.xcassets"; sourceTree = "<group>"; };
		2FA6DA212AE8FAF800DAE087 /* HeaderView.swift */ = {isa = PBXFileReference; lastKnownFileType = sourcecode.swift; path = HeaderView.swift; sourceTree = "<group>"; };
		2FA6DA232AE8FB1600DAE087 /* SideBarView.swift */ = {isa = PBXFileReference; lastKnownFileType = sourcecode.swift; path = SideBarView.swift; sourceTree = "<group>"; };
		2FD039C62AE8FBE500054E03 /* WesternStallMainDishView.swift */ = {isa = PBXFileReference; lastKnownFileType = sourcecode.swift; path = WesternStallMainDishView.swift; sourceTree = "<group>"; };
		2FD039C82AE8FC8400054E03 /* WesternStallAddOnsView.swift */ = {isa = PBXFileReference; lastKnownFileType = sourcecode.swift; path = WesternStallAddOnsView.swift; sourceTree = "<group>"; xcLanguageSpecificationIdentifier = xcode.lang.glsl; };
		2FD039CA2AE8FCEB00054E03 /* CartPageView.swift */ = {isa = PBXFileReference; lastKnownFileType = sourcecode.swift; path = CartPageView.swift; sourceTree = "<group>"; };
		2FD039CD2AE8FDC900054E03 /* OrderQueueView.swift */ = {isa = PBXFileReference; lastKnownFileType = sourcecode.swift; path = OrderQueueView.swift; sourceTree = "<group>"; };
		2FD039CF2AE8FE6D00054E03 /* OrderConfirmationView.swift */ = {isa = PBXFileReference; lastKnownFileType = sourcecode.swift; path = OrderConfirmationView.swift; sourceTree = "<group>"; };
		2FD039D12AE8FECB00054E03 /* AccountPageView.swift */ = {isa = PBXFileReference; lastKnownFileType = sourcecode.swift; path = AccountPageView.swift; sourceTree = "<group>"; };
		2FD039D82AE9007300054E03 /* MainPage.swift */ = {isa = PBXFileReference; lastKnownFileType = sourcecode.swift; path = MainPage.swift; sourceTree = "<group>"; };
		2FD039DB2AE9037700054E03 /* Feedback.swift */ = {isa = PBXFileReference; lastKnownFileType = sourcecode.swift; path = Feedback.swift; sourceTree = "<group>"; };
		F822B3F62AFA3A4100A84833 /* WS_MDModifiers.swift */ = {isa = PBXFileReference; lastKnownFileType = sourcecode.swift; path = WS_MDModifiers.swift; sourceTree = "<group>"; };
		F87959442AFB3402007B8982 /* HPModifiers.swift */ = {isa = PBXFileReference; lastKnownFileType = sourcecode.swift; path = HPModifiers.swift; sourceTree = "<group>"; };
		F8822DCB2AF7AE49003849D4 /* HomePageView.swift */ = {isa = PBXFileReference; lastKnownFileType = sourcecode.swift; path = HomePageView.swift; sourceTree = "<group>"; };
		F8911F642AFBAA1A004175C2 /* OrderQueueModifiers.swift */ = {isa = PBXFileReference; lastKnownFileType = sourcecode.swift; path = OrderQueueModifiers.swift; sourceTree = "<group>"; };
		F8911F662AFBAB4E004175C2 /* Item2View.swift */ = {isa = PBXFileReference; lastKnownFileType = sourcecode.swift; path = Item2View.swift; sourceTree = "<group>"; };
/* End PBXFileReference section */

/* Begin PBXFrameworksBuildPhase section */
		2FA6DA0D2AE8F86700DAE087 /* Frameworks */ = {
			isa = PBXFrameworksBuildPhase;
			buildActionMask = 2147483647;
			files = (
			);
			runOnlyForDeploymentPostprocessing = 0;
		};
/* End PBXFrameworksBuildPhase section */

/* Begin PBXGroup section */
		2FA6DA072AE8F86700DAE087 = {
			isa = PBXGroup;
			children = (
				2FA6DA122AE8F86700DAE087 /* BDSFoodApp */,
				2FA6DA112AE8F86700DAE087 /* Products */,
			);
			sourceTree = "<group>";
		};
		2FA6DA112AE8F86700DAE087 /* Products */ = {
			isa = PBXGroup;
			children = (
				2FA6DA102AE8F86700DAE087 /* BDSFoodApp.app */,
			);
			name = Products;
			sourceTree = "<group>";
		};
		2FA6DA122AE8F86700DAE087 /* BDSFoodApp */ = {
			isa = PBXGroup;
			children = (
				F822B3F52AFA3A3300A84833 /* Modifiers */,
				2FD039D52AE8FF7200054E03 /* App */,
				2FD039D72AE8FF8700054E03 /* TabBar */,
				2FD039CC2AE8FD3600054E03 /* Views */,
				2FA6DA172AE8F87100DAE087 /* Assets.xcassets */,
				2FA6DA192AE8F87100DAE087 /* Preview Content */,
			);
			path = BDSFoodApp;
			sourceTree = "<group>";
		};
		2FA6DA192AE8F87100DAE087 /* Preview Content */ = {
			isa = PBXGroup;
			children = (
				2FA6DA1A2AE8F87100DAE087 /* Preview Assets.xcassets */,
			);
			path = "Preview Content";
			sourceTree = "<group>";
		};
		2FD039CC2AE8FD3600054E03 /* Views */ = {
			isa = PBXGroup;
			children = (
				2FA6DA232AE8FB1600DAE087 /* SideBarView.swift */,
				2FD039CA2AE8FCEB00054E03 /* CartPageView.swift */,
				2FD039CD2AE8FDC900054E03 /* OrderQueueView.swift */,
				F8911F662AFBAB4E004175C2 /* Item2View.swift */,
				2FD039CF2AE8FE6D00054E03 /* OrderConfirmationView.swift */,
				2FD039D12AE8FECB00054E03 /* AccountPageView.swift */,
				F8822DCB2AF7AE49003849D4 /* HomePageView.swift */,
				2FD039DA2AE900B000054E03 /* Others */,
			);
			path = Views;
			sourceTree = "<group>";
		};
		2FD039D52AE8FF7200054E03 /* App */ = {
			isa = PBXGroup;
			children = (
				2FA6DA132AE8F86700DAE087 /* BDSFoodAppApp.swift */,
			);
			path = App;
			sourceTree = "<group>";
		};
		2FD039D72AE8FF8700054E03 /* TabBar */ = {
			isa = PBXGroup;
			children = (
				2FD039D82AE9007300054E03 /* MainPage.swift */,
			);
			path = TabBar;
			sourceTree = "<group>";
		};
		2FD039DA2AE900B000054E03 /* Others */ = {
			isa = PBXGroup;
			children = (
				2FA6DA212AE8FAF800DAE087 /* HeaderView.swift */,
				2FD039C82AE8FC8400054E03 /* WesternStallAddOnsView.swift */,
				2FD039C62AE8FBE500054E03 /* WesternStallMainDishView.swift */,
				2FD039DB2AE9037700054E03 /* Feedback.swift */,
			);
			path = Others;
			sourceTree = "<group>";
		};
		F822B3F52AFA3A3300A84833 /* Modifiers */ = {
			isa = PBXGroup;
			children = (
				F822B3F62AFA3A4100A84833 /* WS_MDModifiers.swift */,
				F87959442AFB3402007B8982 /* HPModifiers.swift */,
				F8911F642AFBAA1A004175C2 /* OrderQueueModifiers.swift */,
			);
			path = Modifiers;
			sourceTree = "<group>";
		};
/* End PBXGroup section */

/* Begin PBXNativeTarget section */
		2FA6DA0F2AE8F86700DAE087 /* BDSFoodApp */ = {
			isa = PBXNativeTarget;
			buildConfigurationList = 2FA6DA1E2AE8F87100DAE087 /* Build configuration list for PBXNativeTarget "BDSFoodApp" */;
			buildPhases = (
				2FA6DA0C2AE8F86700DAE087 /* Sources */,
				2FA6DA0D2AE8F86700DAE087 /* Frameworks */,
				2FA6DA0E2AE8F86700DAE087 /* Resources */,
				F83BB1802B09EBF500A98D22 /* ShellScript */,
			);
			buildRules = (
			);
			dependencies = (
			);
			name = BDSFoodApp;
			productName = BDSFoodApp;
			productReference = 2FA6DA102AE8F86700DAE087 /* BDSFoodApp.app */;
			productType = "com.apple.product-type.application";
		};
/* End PBXNativeTarget section */

/* Begin PBXProject section */
		2FA6DA082AE8F86700DAE087 /* Project object */ = {
			isa = PBXProject;
			attributes = {
				BuildIndependentTargetsInParallel = 1;
				LastSwiftUpdateCheck = 1500;
				LastUpgradeCheck = 1500;
				TargetAttributes = {
					2FA6DA0F2AE8F86700DAE087 = {
						CreatedOnToolsVersion = 15.0;
					};
				};
			};
			buildConfigurationList = 2FA6DA0B2AE8F86700DAE087 /* Build configuration list for PBXProject "BDSFoodApp" */;
			compatibilityVersion = "Xcode 14.0";
			developmentRegion = en;
			hasScannedForEncodings = 0;
			knownRegions = (
				en,
				Base,
			);
			mainGroup = 2FA6DA072AE8F86700DAE087;
			productRefGroup = 2FA6DA112AE8F86700DAE087 /* Products */;
			projectDirPath = "";
			projectRoot = "";
			targets = (
				2FA6DA0F2AE8F86700DAE087 /* BDSFoodApp */,
			);
		};
/* End PBXProject section */

/* Begin PBXResourcesBuildPhase section */
		2FA6DA0E2AE8F86700DAE087 /* Resources */ = {
			isa = PBXResourcesBuildPhase;
			buildActionMask = 2147483647;
			files = (
				2FA6DA1B2AE8F87100DAE087 /* Preview Assets.xcassets in Resources */,
				2FA6DA182AE8F87100DAE087 /* Assets.xcassets in Resources */,
			);
			runOnlyForDeploymentPostprocessing = 0;
		};
/* End PBXResourcesBuildPhase section */

/* Begin PBXShellScriptBuildPhase section */
		F83BB1802B09EBF500A98D22 /* ShellScript */ = {
			isa = PBXShellScriptBuildPhase;
			buildActionMask = 2147483647;
			files = (
			);
			inputFileListPaths = (
			);
			inputPaths = (
			);
			outputFileListPaths = (
			);
			outputPaths = (
			);
			runOnlyForDeploymentPostprocessing = 0;
			shellPath = /bin/sh;
			shellScript = "if [[ \"$(uname -m)\" == arm64 ]]; then\n    export PATH=\"/opt/homebrew/bin:$PATH\"\nfi\n\nif which swiftlint > /dev/null; then\n  swiftlint\nelse\n  echo \"warning: SwiftLint not installed, download from https://github.com/realm/SwiftLint\"\nfi\n";
		};
/* End PBXShellScriptBuildPhase section */

/* Begin PBXSourcesBuildPhase section */
		2FA6DA0C2AE8F86700DAE087 /* Sources */ = {
			isa = PBXSourcesBuildPhase;
			buildActionMask = 2147483647;
			files = (
				2FD039C72AE8FBE500054E03 /* WesternStallMainDishView.swift in Sources */,
				2FD039D22AE8FECB00054E03 /* AccountPageView.swift in Sources */,
				2FD039DC2AE9037700054E03 /* Feedback.swift in Sources */,
				2FA6DA242AE8FB1600DAE087 /* SideBarView.swift in Sources */,
				2FD039D92AE9007300054E03 /* MainPage.swift in Sources */,
				2FD039CE2AE8FDC900054E03 /* OrderQueueView.swift in Sources */,
				F8911F672AFBAB4E004175C2 /* Item2View.swift in Sources */,
				F87959452AFB3402007B8982 /* HPModifiers.swift in Sources */,
				2FD039C92AE8FC8400054E03 /* WesternStallAddOnsView.swift in Sources */,
				F8911F652AFBAA1A004175C2 /* OrderQueueModifiers.swift in Sources */,
				2FA6DA222AE8FAF800DAE087 /* HeaderView.swift in Sources */,
				2FD039CB2AE8FCEB00054E03 /* CartPageView.swift in Sources */,
				2FD039D02AE8FE6D00054E03 /* OrderConfirmationView.swift in Sources */,
				F8822DCC2AF7AE49003849D4 /* HomePageView.swift in Sources */,
				2FA6DA142AE8F86700DAE087 /* BDSFoodAppApp.swift in Sources */,
				F822B3F72AFA3A4100A84833 /* WS_MDModifiers.swift in Sources */,
			);
			runOnlyForDeploymentPostprocessing = 0;
		};
/* End PBXSourcesBuildPhase section */

/* Begin XCBuildConfiguration section */
		2FA6DA1C2AE8F87100DAE087 /* Debug */ = {
			isa = XCBuildConfiguration;
			buildSettings = {
				ALWAYS_SEARCH_USER_PATHS = NO;
				ASSETCATALOG_COMPILER_GENERATE_SWIFT_ASSET_SYMBOL_EXTENSIONS = YES;
				CLANG_ANALYZER_NONNULL = YES;
				CLANG_ANALYZER_NUMBER_OBJECT_CONVERSION = YES_AGGRESSIVE;
				CLANG_CXX_LANGUAGE_STANDARD = "gnu++20";
				CLANG_ENABLE_MODULES = YES;
				CLANG_ENABLE_OBJC_ARC = YES;
				CLANG_ENABLE_OBJC_WEAK = YES;
				CLANG_WARN_BLOCK_CAPTURE_AUTORELEASING = YES;
				CLANG_WARN_BOOL_CONVERSION = YES;
				CLANG_WARN_COMMA = YES;
				CLANG_WARN_CONSTANT_CONVERSION = YES;
				CLANG_WARN_DEPRECATED_OBJC_IMPLEMENTATIONS = YES;
				CLANG_WARN_DIRECT_OBJC_ISA_USAGE = YES_ERROR;
				CLANG_WARN_DOCUMENTATION_COMMENTS = YES;
				CLANG_WARN_EMPTY_BODY = YES;
				CLANG_WARN_ENUM_CONVERSION = YES;
				CLANG_WARN_INFINITE_RECURSION = YES;
				CLANG_WARN_INT_CONVERSION = YES;
				CLANG_WARN_NON_LITERAL_NULL_CONVERSION = YES;
				CLANG_WARN_OBJC_IMPLICIT_RETAIN_SELF = YES;
				CLANG_WARN_OBJC_LITERAL_CONVERSION = YES;
				CLANG_WARN_OBJC_ROOT_CLASS = YES_ERROR;
				CLANG_WARN_QUOTED_INCLUDE_IN_FRAMEWORK_HEADER = YES;
				CLANG_WARN_RANGE_LOOP_ANALYSIS = YES;
				CLANG_WARN_STRICT_PROTOTYPES = YES;
				CLANG_WARN_SUSPICIOUS_MOVE = YES;
				CLANG_WARN_UNGUARDED_AVAILABILITY = YES_AGGRESSIVE;
				CLANG_WARN_UNREACHABLE_CODE = YES;
				CLANG_WARN__DUPLICATE_METHOD_MATCH = YES;
				COPY_PHASE_STRIP = NO;
				DEBUG_INFORMATION_FORMAT = dwarf;
				ENABLE_STRICT_OBJC_MSGSEND = YES;
				ENABLE_TESTABILITY = YES;
				ENABLE_USER_SCRIPT_SANDBOXING = YES;
				GCC_C_LANGUAGE_STANDARD = gnu17;
				GCC_DYNAMIC_NO_PIC = NO;
				GCC_NO_COMMON_BLOCKS = YES;
				GCC_OPTIMIZATION_LEVEL = 0;
				GCC_PREPROCESSOR_DEFINITIONS = (
					"DEBUG=1",
					"$(inherited)",
				);
				GCC_WARN_64_TO_32_BIT_CONVERSION = YES;
				GCC_WARN_ABOUT_RETURN_TYPE = YES_ERROR;
				GCC_WARN_UNDECLARED_SELECTOR = YES;
				GCC_WARN_UNINITIALIZED_AUTOS = YES_AGGRESSIVE;
				GCC_WARN_UNUSED_FUNCTION = YES;
				GCC_WARN_UNUSED_VARIABLE = YES;
				IPHONEOS_DEPLOYMENT_TARGET = 17.0;
				LOCALIZATION_PREFERS_STRING_CATALOGS = YES;
				MTL_ENABLE_DEBUG_INFO = INCLUDE_SOURCE;
				MTL_FAST_MATH = YES;
				ONLY_ACTIVE_ARCH = YES;
				SDKROOT = iphoneos;
				SWIFT_ACTIVE_COMPILATION_CONDITIONS = "DEBUG $(inherited)";
				SWIFT_OPTIMIZATION_LEVEL = "-Onone";
			};
			name = Debug;
		};
		2FA6DA1D2AE8F87100DAE087 /* Release */ = {
			isa = XCBuildConfiguration;
			buildSettings = {
				ALWAYS_SEARCH_USER_PATHS = NO;
				ASSETCATALOG_COMPILER_GENERATE_SWIFT_ASSET_SYMBOL_EXTENSIONS = YES;
				CLANG_ANALYZER_NONNULL = YES;
				CLANG_ANALYZER_NUMBER_OBJECT_CONVERSION = YES_AGGRESSIVE;
				CLANG_CXX_LANGUAGE_STANDARD = "gnu++20";
				CLANG_ENABLE_MODULES = YES;
				CLANG_ENABLE_OBJC_ARC = YES;
				CLANG_ENABLE_OBJC_WEAK = YES;
				CLANG_WARN_BLOCK_CAPTURE_AUTORELEASING = YES;
				CLANG_WARN_BOOL_CONVERSION = YES;
				CLANG_WARN_COMMA = YES;
				CLANG_WARN_CONSTANT_CONVERSION = YES;
				CLANG_WARN_DEPRECATED_OBJC_IMPLEMENTATIONS = YES;
				CLANG_WARN_DIRECT_OBJC_ISA_USAGE = YES_ERROR;
				CLANG_WARN_DOCUMENTATION_COMMENTS = YES;
				CLANG_WARN_EMPTY_BODY = YES;
				CLANG_WARN_ENUM_CONVERSION = YES;
				CLANG_WARN_INFINITE_RECURSION = YES;
				CLANG_WARN_INT_CONVERSION = YES;
				CLANG_WARN_NON_LITERAL_NULL_CONVERSION = YES;
				CLANG_WARN_OBJC_IMPLICIT_RETAIN_SELF = YES;
				CLANG_WARN_OBJC_LITERAL_CONVERSION = YES;
				CLANG_WARN_OBJC_ROOT_CLASS = YES_ERROR;
				CLANG_WARN_QUOTED_INCLUDE_IN_FRAMEWORK_HEADER = YES;
				CLANG_WARN_RANGE_LOOP_ANALYSIS = YES;
				CLANG_WARN_STRICT_PROTOTYPES = YES;
				CLANG_WARN_SUSPICIOUS_MOVE = YES;
				CLANG_WARN_UNGUARDED_AVAILABILITY = YES_AGGRESSIVE;
				CLANG_WARN_UNREACHABLE_CODE = YES;
				CLANG_WARN__DUPLICATE_METHOD_MATCH = YES;
				COPY_PHASE_STRIP = NO;
				DEBUG_INFORMATION_FORMAT = "dwarf-with-dsym";
				ENABLE_NS_ASSERTIONS = NO;
				ENABLE_STRICT_OBJC_MSGSEND = YES;
				ENABLE_USER_SCRIPT_SANDBOXING = YES;
				GCC_C_LANGUAGE_STANDARD = gnu17;
				GCC_NO_COMMON_BLOCKS = YES;
				GCC_WARN_64_TO_32_BIT_CONVERSION = YES;
				GCC_WARN_ABOUT_RETURN_TYPE = YES_ERROR;
				GCC_WARN_UNDECLARED_SELECTOR = YES;
				GCC_WARN_UNINITIALIZED_AUTOS = YES_AGGRESSIVE;
				GCC_WARN_UNUSED_FUNCTION = YES;
				GCC_WARN_UNUSED_VARIABLE = YES;
				IPHONEOS_DEPLOYMENT_TARGET = 17.0;
				LOCALIZATION_PREFERS_STRING_CATALOGS = YES;
				MTL_ENABLE_DEBUG_INFO = NO;
				MTL_FAST_MATH = YES;
				SDKROOT = iphoneos;
				SWIFT_COMPILATION_MODE = wholemodule;
				VALIDATE_PRODUCT = YES;
			};
			name = Release;
		};
		2FA6DA1F2AE8F87100DAE087 /* Debug */ = {
			isa = XCBuildConfiguration;
			buildSettings = {
				ASSETCATALOG_COMPILER_APPICON_NAME = AppIcon;
				ASSETCATALOG_COMPILER_GLOBAL_ACCENT_COLOR_NAME = AccentColor;
				CODE_SIGN_STYLE = Automatic;
				CURRENT_PROJECT_VERSION = 1;
				DEVELOPMENT_ASSET_PATHS = "\"BDSFoodApp/Preview Content\"";
				ENABLE_PREVIEWS = YES;
				GENERATE_INFOPLIST_FILE = YES;
				INFOPLIST_KEY_UIApplicationSceneManifest_Generation = YES;
				INFOPLIST_KEY_UIApplicationSupportsIndirectInputEvents = YES;
				INFOPLIST_KEY_UILaunchScreen_Generation = YES;
				INFOPLIST_KEY_UISupportedInterfaceOrientations_iPad = "UIInterfaceOrientationPortrait UIInterfaceOrientationPortraitUpsideDown UIInterfaceOrientationLandscapeLeft UIInterfaceOrientationLandscapeRight";
				INFOPLIST_KEY_UISupportedInterfaceOrientations_iPhone = "UIInterfaceOrientationPortrait UIInterfaceOrientationLandscapeLeft UIInterfaceOrientationLandscapeRight";
				LD_RUNPATH_SEARCH_PATHS = (
					"$(inherited)",
					"@executable_path/Frameworks",
				);
				MARKETING_VERSION = 1.0;
				PRODUCT_BUNDLE_IDENTIFIER = Infocomm.BDSFoodApp;
				PRODUCT_NAME = "$(TARGET_NAME)";
				SWIFT_EMIT_LOC_STRINGS = YES;
				SWIFT_VERSION = 5.0;
				TARGETED_DEVICE_FAMILY = "1,2";
			};
			name = Debug;
		};
		2FA6DA202AE8F87100DAE087 /* Release */ = {
			isa = XCBuildConfiguration;
			buildSettings = {
				ASSETCATALOG_COMPILER_APPICON_NAME = AppIcon;
				ASSETCATALOG_COMPILER_GLOBAL_ACCENT_COLOR_NAME = AccentColor;
				CODE_SIGN_STYLE = Automatic;
				CURRENT_PROJECT_VERSION = 1;
				DEVELOPMENT_ASSET_PATHS = "\"BDSFoodApp/Preview Content\"";
				ENABLE_PREVIEWS = YES;
				GENERATE_INFOPLIST_FILE = YES;
				INFOPLIST_KEY_UIApplicationSceneManifest_Generation = YES;
				INFOPLIST_KEY_UIApplicationSupportsIndirectInputEvents = YES;
				INFOPLIST_KEY_UILaunchScreen_Generation = YES;
				INFOPLIST_KEY_UISupportedInterfaceOrientations_iPad = "UIInterfaceOrientationPortrait UIInterfaceOrientationPortraitUpsideDown UIInterfaceOrientationLandscapeLeft UIInterfaceOrientationLandscapeRight";
				INFOPLIST_KEY_UISupportedInterfaceOrientations_iPhone = "UIInterfaceOrientationPortrait UIInterfaceOrientationLandscapeLeft UIInterfaceOrientationLandscapeRight";
				LD_RUNPATH_SEARCH_PATHS = (
					"$(inherited)",
					"@executable_path/Frameworks",
				);
				MARKETING_VERSION = 1.0;
				PRODUCT_BUNDLE_IDENTIFIER = Infocomm.BDSFoodApp;
				PRODUCT_NAME = "$(TARGET_NAME)";
				SWIFT_EMIT_LOC_STRINGS = YES;
				SWIFT_VERSION = 5.0;
				TARGETED_DEVICE_FAMILY = "1,2";
			};
			name = Release;
		};
/* End XCBuildConfiguration section */

/* Begin XCConfigurationList section */
		2FA6DA0B2AE8F86700DAE087 /* Build configuration list for PBXProject "BDSFoodApp" */ = {
			isa = XCConfigurationList;
			buildConfigurations = (
				2FA6DA1C2AE8F87100DAE087 /* Debug */,
				2FA6DA1D2AE8F87100DAE087 /* Release */,
			);
			defaultConfigurationIsVisible = 0;
			defaultConfigurationName = Release;
		};
		2FA6DA1E2AE8F87100DAE087 /* Build configuration list for PBXNativeTarget "BDSFoodApp" */ = {
			isa = XCConfigurationList;
			buildConfigurations = (
				2FA6DA1F2AE8F87100DAE087 /* Debug */,
				2FA6DA202AE8F87100DAE087 /* Release */,
			);
			defaultConfigurationIsVisible = 0;
			defaultConfigurationName = Release;
		};
/* End XCConfigurationList section */
	};
	rootObject = 2FA6DA082AE8F86700DAE087 /* Project object */;
}
